
Microsoft Visual Studio Solution File, Format Version 12.00
# Visual Studio 15
VisualStudioVersion = 15.0.27130.2020
MinimumVisualStudioVersion = 10.0.40219.1
Project("{8BC9CEB8-8B4A-11D0-8D11-00A0C91BC942}") = "examen", "examen\examen.vcxproj", "{B162A0D9-6D75-4E72-AC61-C00769695F01}"
EndProject
Global
	GlobalSection(SolutionConfigurationPlatforms) = preSolution
		Debug|x64 = Debug|x64
		Debug|x86 = Debug|x86
		Release|x64 = Release|x64
		Release|x86 = Release|x86
	EndGlobalSection
	GlobalSection(ProjectConfigurationPlatforms) = postSolution
		{B162A0D9-6D75-4E72-AC61-C00769695F01}.Debug|x64.ActiveCfg = Debug|x64
		{B162A0D9-6D75-4E72-AC61-C00769695F01}.Debug|x64.Build.0 = Debug|x64
		{B162A0D9-6D75-4E72-AC61-C00769695F01}.Debug|x86.ActiveCfg = Debug|Win32
		{B162A0D9-6D75-4E72-AC61-C00769695F01}.Debug|x86.Build.0 = Debug|Win32
		{B162A0D9-6D75-4E72-AC61-C00769695F01}.Release|x64.ActiveCfg = Release|x64
		{B162A0D9-6D75-4E72-AC61-C00769695F01}.Release|x64.Build.0 = Release|x64
		{B162A0D9-6D75-4E72-AC61-C00769695F01}.Release|x86.ActiveCfg = Release|Win32
		{B162A0D9-6D75-4E72-AC61-C00769695F01}.Release|x86.Build.0 = Release|Win32
	EndGlobalSection
	GlobalSection(SolutionProperties) = preSolution
		HideSolutionNode = FALSE
	EndGlobalSection
	GlobalSection(ExtensibilityGlobals) = postSolution
		SolutionGuid = {A38846F2-C330-406F-B15C-A6BE092D9043}
	EndGlobalSection
EndGlobal
